// !$*UTF8*$!
{
	archiveVersion = 1;
	classes = {
	};
	objectVersion = 51;
	objects = {

/* Begin PBXBuildFile section */
		C1247CC82525FCD600250AF8 /* AppDelegate.swift in Sources */ = {isa = PBXBuildFile; fileRef = C1247CC72525FCD600250AF8 /* AppDelegate.swift */; };
		C1247CCA2525FCD600250AF8 /* SceneDelegate.swift in Sources */ = {isa = PBXBuildFile; fileRef = C1247CC92525FCD600250AF8 /* SceneDelegate.swift */; };
		C1247CCC2525FCD600250AF8 /* LauncherView.swift in Sources */ = {isa = PBXBuildFile; fileRef = C1247CCB2525FCD600250AF8 /* LauncherView.swift */; };
		C1247CCE2525FCD700250AF8 /* Assets.xcassets in Resources */ = {isa = PBXBuildFile; fileRef = C1247CCD2525FCD700250AF8 /* Assets.xcassets */; };
		C1247CD12525FCD700250AF8 /* Preview Assets.xcassets in Resources */ = {isa = PBXBuildFile; fileRef = C1247CD02525FCD700250AF8 /* Preview Assets.xcassets */; };
		C1247CD42525FCD700250AF8 /* LaunchScreen.storyboard in Resources */ = {isa = PBXBuildFile; fileRef = C1247CD22525FCD700250AF8 /* LaunchScreen.storyboard */; };
		C1247CDD2525FD4A00250AF8 /* GoogleService-Info.plist in Resources */ = {isa = PBXBuildFile; fileRef = C1247CDC2525FD4A00250AF8 /* GoogleService-Info.plist */; };
		C1247CEF252611DD00250AF8 /* FirebaseManager.swift in Sources */ = {isa = PBXBuildFile; fileRef = C1247CEE252611DD00250AF8 /* FirebaseManager.swift */; };
		C1247D2E252720CA00250AF8 /* ChatUser.swift in Sources */ = {isa = PBXBuildFile; fileRef = C1247D2A252720C600250AF8 /* ChatUser.swift */; };
		C1247D30252720CA00250AF8 /* ChatMessage.swift in Sources */ = {isa = PBXBuildFile; fileRef = C1247D2C252720C800250AF8 /* ChatMessage.swift */; };
		C1247D3825272F6700250AF8 /* SignInView.swift in Sources */ = {isa = PBXBuildFile; fileRef = C1247D3725272F6700250AF8 /* SignInView.swift */; };
		C1247D3B25272FB500250AF8 /* RegisterView.swift in Sources */ = {isa = PBXBuildFile; fileRef = C1247D3A25272FB500250AF8 /* RegisterView.swift */; };
		C1247D3E25275EC300250AF8 /* LatestMessagesView.swift in Sources */ = {isa = PBXBuildFile; fileRef = C1247D3D25275EC300250AF8 /* LatestMessagesView.swift */; };
		C1247D64252B1C5E00250AF8 /* ChatView.swift in Sources */ = {isa = PBXBuildFile; fileRef = C1247D63252B1C5E00250AF8 /* ChatView.swift */; };
		C12CA8F7252DEA1A00CC3065 /* MainTabViewModel.swift in Sources */ = {isa = PBXBuildFile; fileRef = C12CA8F6252DEA1A00CC3065 /* MainTabViewModel.swift */; };
		C12CA8FB252DF18700CC3065 /* ContactsView.swift in Sources */ = {isa = PBXBuildFile; fileRef = C12CA8FA252DF18700CC3065 /* ContactsView.swift */; };
		C14B891E252DBB1100B1749C /* SettingsView.swift in Sources */ = {isa = PBXBuildFile; fileRef = C14B891D252DBB1100B1749C /* SettingsView.swift */; };
		C1BDF030252EFBFC001156DF /* ProfileView.swift in Sources */ = {isa = PBXBuildFile; fileRef = C1BDF02F252EFBFC001156DF /* ProfileView.swift */; };
		C3147CC0A4284D3876AB6ACE /* Pods_SwiftUIFirebaseApp.framework in Frameworks */ = {isa = PBXBuildFile; fileRef = D8065960459FFB9661953DCA /* Pods_SwiftUIFirebaseApp.framework */; };
/* End PBXBuildFile section */

/* Begin PBXFileReference section */
		1175EAC04DCC5DB470EBE65C /* Pods-SwiftUIFirebaseApp.release.xcconfig */ = {isa = PBXFileReference; includeInIndex = 1; lastKnownFileType = text.xcconfig; name = "Pods-SwiftUIFirebaseApp.release.xcconfig"; path = "Target Support Files/Pods-SwiftUIFirebaseApp/Pods-SwiftUIFirebaseApp.release.xcconfig"; sourceTree = "<group>"; };
		15D3D8A0893205BAA27775F3 /* Pods-SwiftUIFirebaseApp.debug.xcconfig */ = {isa = PBXFileReference; includeInIndex = 1; lastKnownFileType = text.xcconfig; name = "Pods-SwiftUIFirebaseApp.debug.xcconfig"; path = "Target Support Files/Pods-SwiftUIFirebaseApp/Pods-SwiftUIFirebaseApp.debug.xcconfig"; sourceTree = "<group>"; };
		C1247CC42525FCD600250AF8 /* SwiftUIFirebaseApp.app */ = {isa = PBXFileReference; explicitFileType = wrapper.application; includeInIndex = 0; path = SwiftUIFirebaseApp.app; sourceTree = BUILT_PRODUCTS_DIR; };
		C1247CC72525FCD600250AF8 /* AppDelegate.swift */ = {isa = PBXFileReference; lastKnownFileType = sourcecode.swift; path = AppDelegate.swift; sourceTree = "<group>"; };
		C1247CC92525FCD600250AF8 /* SceneDelegate.swift */ = {isa = PBXFileReference; lastKnownFileType = sourcecode.swift; path = SceneDelegate.swift; sourceTree = "<group>"; };
		C1247CCB2525FCD600250AF8 /* LauncherView.swift */ = {isa = PBXFileReference; lastKnownFileType = sourcecode.swift; path = LauncherView.swift; sourceTree = "<group>"; };
		C1247CCD2525FCD700250AF8 /* Assets.xcassets */ = {isa = PBXFileReference; lastKnownFileType = folder.assetcatalog; path = Assets.xcassets; sourceTree = "<group>"; };
		C1247CD02525FCD700250AF8 /* Preview Assets.xcassets */ = {isa = PBXFileReference; lastKnownFileType = folder.assetcatalog; path = "Preview Assets.xcassets"; sourceTree = "<group>"; };
		C1247CD32525FCD700250AF8 /* Base */ = {isa = PBXFileReference; lastKnownFileType = file.storyboard; name = Base; path = Base.lproj/LaunchScreen.storyboard; sourceTree = "<group>"; };
		C1247CD52525FCD700250AF8 /* Info.plist */ = {isa = PBXFileReference; lastKnownFileType = text.plist.xml; path = Info.plist; sourceTree = "<group>"; };
		C1247CDC2525FD4A00250AF8 /* GoogleService-Info.plist */ = {isa = PBXFileReference; fileEncoding = 4; lastKnownFileType = text.plist.xml; name = "GoogleService-Info.plist"; path = "../../../../Downloads/GoogleService-Info.plist"; sourceTree = "<group>"; };
		C1247CEE252611DD00250AF8 /* FirebaseManager.swift */ = {isa = PBXFileReference; lastKnownFileType = sourcecode.swift; path = FirebaseManager.swift; sourceTree = "<group>"; };
		C1247D2A252720C600250AF8 /* ChatUser.swift */ = {isa = PBXFileReference; fileEncoding = 4; lastKnownFileType = sourcecode.swift; path = ChatUser.swift; sourceTree = "<group>"; };
		C1247D2C252720C800250AF8 /* ChatMessage.swift */ = {isa = PBXFileReference; fileEncoding = 4; lastKnownFileType = sourcecode.swift; path = ChatMessage.swift; sourceTree = "<group>"; };
		C1247D3725272F6700250AF8 /* SignInView.swift */ = {isa = PBXFileReference; lastKnownFileType = sourcecode.swift; path = SignInView.swift; sourceTree = "<group>"; };
		C1247D3A25272FB500250AF8 /* RegisterView.swift */ = {isa = PBXFileReference; lastKnownFileType = sourcecode.swift; path = RegisterView.swift; sourceTree = "<group>"; };
		C1247D3D25275EC300250AF8 /* LatestMessagesView.swift */ = {isa = PBXFileReference; lastKnownFileType = sourcecode.swift; path = LatestMessagesView.swift; sourceTree = "<group>"; };
		C1247D63252B1C5E00250AF8 /* ChatView.swift */ = {isa = PBXFileReference; lastKnownFileType = sourcecode.swift; path = ChatView.swift; sourceTree = "<group>"; };
		C12CA8F6252DEA1A00CC3065 /* MainTabViewModel.swift */ = {isa = PBXFileReference; lastKnownFileType = sourcecode.swift; path = MainTabViewModel.swift; sourceTree = "<group>"; };
		C12CA8FA252DF18700CC3065 /* ContactsView.swift */ = {isa = PBXFileReference; lastKnownFileType = sourcecode.swift; path = ContactsView.swift; sourceTree = "<group>"; };
		C14B891D252DBB1100B1749C /* SettingsView.swift */ = {isa = PBXFileReference; lastKnownFileType = sourcecode.swift; path = SettingsView.swift; sourceTree = "<group>"; };
		C1BDF02F252EFBFC001156DF /* ProfileView.swift */ = {isa = PBXFileReference; lastKnownFileType = sourcecode.swift; path = ProfileView.swift; sourceTree = "<group>"; };
		D8065960459FFB9661953DCA /* Pods_SwiftUIFirebaseApp.framework */ = {isa = PBXFileReference; explicitFileType = wrapper.framework; includeInIndex = 0; path = Pods_SwiftUIFirebaseApp.framework; sourceTree = BUILT_PRODUCTS_DIR; };
/* End PBXFileReference section */

/* Begin PBXFrameworksBuildPhase section */
		C1247CC12525FCD600250AF8 /* Frameworks */ = {
			isa = PBXFrameworksBuildPhase;
			buildActionMask = 2147483647;
			files = (
				C3147CC0A4284D3876AB6ACE /* Pods_SwiftUIFirebaseApp.framework in Frameworks */,
			);
			runOnlyForDeploymentPostprocessing = 0;
		};
/* End PBXFrameworksBuildPhase section */

/* Begin PBXGroup section */
		75857FA222ABB6485A3A4A10 /* Frameworks */ = {
			isa = PBXGroup;
			children = (
				D8065960459FFB9661953DCA /* Pods_SwiftUIFirebaseApp.framework */,
			);
			name = Frameworks;
			sourceTree = "<group>";
		};
		C1247CBB2525FCD600250AF8 = {
			isa = PBXGroup;
			children = (
				C1247CC62525FCD600250AF8 /* SwiftUIFirebaseApp */,
				C1247CC52525FCD600250AF8 /* Products */,
				EBE5309B9E55B28969B610FF /* Pods */,
				75857FA222ABB6485A3A4A10 /* Frameworks */,
			);
			sourceTree = "<group>";
		};
		C1247CC52525FCD600250AF8 /* Products */ = {
			isa = PBXGroup;
			children = (
				C1247CC42525FCD600250AF8 /* SwiftUIFirebaseApp.app */,
			);
			name = Products;
			sourceTree = "<group>";
		};
		C1247CC62525FCD600250AF8 /* SwiftUIFirebaseApp */ = {
			isa = PBXGroup;
			children = (
				C148E8F2252B4108000A8131 /* Misc */,
				C1247D3525272F0300250AF8 /* Views */,
				C1247D29252720AE00250AF8 /* Models */,
				C1247CC72525FCD600250AF8 /* AppDelegate.swift */,
				C1247CC92525FCD600250AF8 /* SceneDelegate.swift */,
				C1247CDC2525FD4A00250AF8 /* GoogleService-Info.plist */,
				C1247CCD2525FCD700250AF8 /* Assets.xcassets */,
				C1247CD22525FCD700250AF8 /* LaunchScreen.storyboard */,
				C1247CD52525FCD700250AF8 /* Info.plist */,
				C1247CCF2525FCD700250AF8 /* Preview Content */,
			);
			path = SwiftUIFirebaseApp;
			sourceTree = "<group>";
		};
		C1247CCF2525FCD700250AF8 /* Preview Content */ = {
			isa = PBXGroup;
			children = (
				C1247CD02525FCD700250AF8 /* Preview Assets.xcassets */,
			);
			path = "Preview Content";
			sourceTree = "<group>";
		};
		C1247D29252720AE00250AF8 /* Models */ = {
			isa = PBXGroup;
			children = (
				C1247D2A252720C600250AF8 /* ChatUser.swift */,
				C1247D2C252720C800250AF8 /* ChatMessage.swift */,
			);
			path = Models;
			sourceTree = "<group>";
		};
		C1247D3525272F0300250AF8 /* Views */ = {
			isa = PBXGroup;
			children = (
				C1247D63252B1C5E00250AF8 /* ChatView.swift */,
				C1247CCB2525FCD600250AF8 /* LauncherView.swift */,
				C1247D3725272F6700250AF8 /* SignInView.swift */,
				C1247D3A25272FB500250AF8 /* RegisterView.swift */,
				C1247D3D25275EC300250AF8 /* LatestMessagesView.swift */,
				C14B891D252DBB1100B1749C /* SettingsView.swift */,
				C12CA8FA252DF18700CC3065 /* ContactsView.swift */,
				C1BDF02F252EFBFC001156DF /* ProfileView.swift */,
			);
			path = Views;
			sourceTree = "<group>";
		};
		C148E8F2252B4108000A8131 /* Misc */ = {
			isa = PBXGroup;
			children = (
				C1247CEE252611DD00250AF8 /* FirebaseManager.swift */,
				C12CA8F6252DEA1A00CC3065 /* MainTabViewModel.swift */,
			);
			path = Misc;
			sourceTree = "<group>";
		};
		EBE5309B9E55B28969B610FF /* Pods */ = {
			isa = PBXGroup;
			children = (
				15D3D8A0893205BAA27775F3 /* Pods-SwiftUIFirebaseApp.debug.xcconfig */,
				1175EAC04DCC5DB470EBE65C /* Pods-SwiftUIFirebaseApp.release.xcconfig */,
			);
			path = Pods;
			sourceTree = "<group>";
		};
/* End PBXGroup section */

/* Begin PBXNativeTarget section */
		C1247CC32525FCD600250AF8 /* SwiftUIFirebaseApp */ = {
			isa = PBXNativeTarget;
			buildConfigurationList = C1247CD82525FCD700250AF8 /* Build configuration list for PBXNativeTarget "SwiftUIFirebaseApp" */;
			buildPhases = (
				5ADD16B0693056BA1502BA95 /* [CP] Check Pods Manifest.lock */,
				C1247CC02525FCD600250AF8 /* Sources */,
				C1247CC12525FCD600250AF8 /* Frameworks */,
				C1247CC22525FCD600250AF8 /* Resources */,
				2C717F59D0218879D9FE255E /* [CP] Embed Pods Frameworks */,
			);
			buildRules = (
			);
			dependencies = (
			);
			name = SwiftUIFirebaseApp;
			productName = SwiftUIFirebaseApp;
			productReference = C1247CC42525FCD600250AF8 /* SwiftUIFirebaseApp.app */;
			productType = "com.apple.product-type.application";
		};
/* End PBXNativeTarget section */

/* Begin PBXProject section */
		C1247CBC2525FCD600250AF8 /* Project object */ = {
			isa = PBXProject;
			attributes = {
				LastSwiftUpdateCheck = 1200;
				LastUpgradeCheck = 1200;
				TargetAttributes = {
					C1247CC32525FCD600250AF8 = {
						CreatedOnToolsVersion = 12.0.1;
					};
				};
			};
			buildConfigurationList = C1247CBF2525FCD600250AF8 /* Build configuration list for PBXProject "SwiftUIFirebaseApp" */;
			compatibilityVersion = "Xcode 9.3";
			developmentRegion = en;
			hasScannedForEncodings = 0;
			knownRegions = (
				en,
				Base,
			);
			mainGroup = C1247CBB2525FCD600250AF8;
			productRefGroup = C1247CC52525FCD600250AF8 /* Products */;
			projectDirPath = "";
			projectRoot = "";
			targets = (
				C1247CC32525FCD600250AF8 /* SwiftUIFirebaseApp */,
			);
		};
/* End PBXProject section */

/* Begin PBXResourcesBuildPhase section */
		C1247CC22525FCD600250AF8 /* Resources */ = {
			isa = PBXResourcesBuildPhase;
			buildActionMask = 2147483647;
			files = (
				C1247CD42525FCD700250AF8 /* LaunchScreen.storyboard in Resources */,
				C1247CDD2525FD4A00250AF8 /* GoogleService-Info.plist in Resources */,
				C1247CD12525FCD700250AF8 /* Preview Assets.xcassets in Resources */,
				C1247CCE2525FCD700250AF8 /* Assets.xcassets in Resources */,
			);
			runOnlyForDeploymentPostprocessing = 0;
		};
/* End PBXResourcesBuildPhase section */

/* Begin PBXShellScriptBuildPhase section */
		2C717F59D0218879D9FE255E /* [CP] Embed Pods Frameworks */ = {
			isa = PBXShellScriptBuildPhase;
			buildActionMask = 2147483647;
			files = (
			);
			inputFileListPaths = (
				"${PODS_ROOT}/Target Support Files/Pods-SwiftUIFirebaseApp/Pods-SwiftUIFirebaseApp-frameworks-${CONFIGURATION}-input-files.xcfilelist",
			);
			name = "[CP] Embed Pods Frameworks";
			outputFileListPaths = (
				"${PODS_ROOT}/Target Support Files/Pods-SwiftUIFirebaseApp/Pods-SwiftUIFirebaseApp-frameworks-${CONFIGURATION}-output-files.xcfilelist",
			);
			runOnlyForDeploymentPostprocessing = 0;
			shellPath = /bin/sh;
			shellScript = "\"${PODS_ROOT}/Target Support Files/Pods-SwiftUIFirebaseApp/Pods-SwiftUIFirebaseApp-frameworks.sh\"\n";
			showEnvVarsInLog = 0;
		};
		5ADD16B0693056BA1502BA95 /* [CP] Check Pods Manifest.lock */ = {
			isa = PBXShellScriptBuildPhase;
			buildActionMask = 2147483647;
			files = (
			);
			inputFileListPaths = (
			);
			inputPaths = (
				"${PODS_PODFILE_DIR_PATH}/Podfile.lock",
				"${PODS_ROOT}/Manifest.lock",
			);
			name = "[CP] Check Pods Manifest.lock";
			outputFileListPaths = (
			);
			outputPaths = (
				"$(DERIVED_FILE_DIR)/Pods-SwiftUIFirebaseApp-checkManifestLockResult.txt",
			);
			runOnlyForDeploymentPostprocessing = 0;
			shellPath = /bin/sh;
			shellScript = "diff \"${PODS_PODFILE_DIR_PATH}/Podfile.lock\" \"${PODS_ROOT}/Manifest.lock\" > /dev/null\nif [ $? != 0 ] ; then\n    # print error to STDERR\n    echo \"error: The sandbox is not in sync with the Podfile.lock. Run 'pod install' or update your CocoaPods installation.\" >&2\n    exit 1\nfi\n# This output is used by Xcode 'outputs' to avoid re-running this script phase.\necho \"SUCCESS\" > \"${SCRIPT_OUTPUT_FILE_0}\"\n";
			showEnvVarsInLog = 0;
		};
/* End PBXShellScriptBuildPhase section */

/* Begin PBXSourcesBuildPhase section */
		C1247CC02525FCD600250AF8 /* Sources */ = {
			isa = PBXSourcesBuildPhase;
			buildActionMask = 2147483647;
			files = (
				C1247D3825272F6700250AF8 /* SignInView.swift in Sources */,
				C1247D3B25272FB500250AF8 /* RegisterView.swift in Sources */,
				C1247D30252720CA00250AF8 /* ChatMessage.swift in Sources */,
				C12CA8FB252DF18700CC3065 /* ContactsView.swift in Sources */,
				C1247CEF252611DD00250AF8 /* FirebaseManager.swift in Sources */,
				C1247D64252B1C5E00250AF8 /* ChatView.swift in Sources */,
				C1247CC82525FCD600250AF8 /* AppDelegate.swift in Sources */,
				C1247CCA2525FCD600250AF8 /* SceneDelegate.swift in Sources */,
				C1BDF030252EFBFC001156DF /* ProfileView.swift in Sources */,
				C1247D3E25275EC300250AF8 /* LatestMessagesView.swift in Sources */,
				C1247CCC2525FCD600250AF8 /* LauncherView.swift in Sources */,
				C1247D2E252720CA00250AF8 /* ChatUser.swift in Sources */,
				C14B891E252DBB1100B1749C /* SettingsView.swift in Sources */,
				C12CA8F7252DEA1A00CC3065 /* MainTabViewModel.swift in Sources */,
			);
			runOnlyForDeploymentPostprocessing = 0;
		};
/* End PBXSourcesBuildPhase section */

/* Begin PBXVariantGroup section */
		C1247CD22525FCD700250AF8 /* LaunchScreen.storyboard */ = {
			isa = PBXVariantGroup;
			children = (
				C1247CD32525FCD700250AF8 /* Base */,
			);
			name = LaunchScreen.storyboard;
			sourceTree = "<group>";
		};
/* End PBXVariantGroup section */

/* Begin XCBuildConfiguration section */
		C1247CD62525FCD700250AF8 /* Debug */ = {
			isa = XCBuildConfiguration;
			buildSettings = {
				ALWAYS_SEARCH_USER_PATHS = NO;
				CLANG_ANALYZER_NONNULL = YES;
				CLANG_ANALYZER_NUMBER_OBJECT_CONVERSION = YES_AGGRESSIVE;
				CLANG_CXX_LANGUAGE_STANDARD = "gnu++14";
				CLANG_CXX_LIBRARY = "libc++";
				CLANG_ENABLE_MODULES = YES;
				CLANG_ENABLE_OBJC_ARC = YES;
				CLANG_ENABLE_OBJC_WEAK = YES;
				CLANG_WARN_BLOCK_CAPTURE_AUTORELEASING = YES;
				CLANG_WARN_BOOL_CONVERSION = YES;
				CLANG_WARN_COMMA = YES;
				CLANG_WARN_CONSTANT_CONVERSION = YES;
				CLANG_WARN_DEPRECATED_OBJC_IMPLEMENTATIONS = YES;
				CLANG_WARN_DIRECT_OBJC_ISA_USAGE = YES_ERROR;
				CLANG_WARN_DOCUMENTATION_COMMENTS = YES;
				CLANG_WARN_EMPTY_BODY = YES;
				CLANG_WARN_ENUM_CONVERSION = YES;
				CLANG_WARN_INFINITE_RECURSION = YES;
				CLANG_WARN_INT_CONVERSION = YES;
				CLANG_WARN_NON_LITERAL_NULL_CONVERSION = YES;
				CLANG_WARN_OBJC_IMPLICIT_RETAIN_SELF = YES;
				CLANG_WARN_OBJC_LITERAL_CONVERSION = YES;
				CLANG_WARN_OBJC_ROOT_CLASS = YES_ERROR;
				CLANG_WARN_QUOTED_INCLUDE_IN_FRAMEWORK_HEADER = YES;
				CLANG_WARN_RANGE_LOOP_ANALYSIS = YES;
				CLANG_WARN_STRICT_PROTOTYPES = YES;
				CLANG_WARN_SUSPICIOUS_MOVE = YES;
				CLANG_WARN_UNGUARDED_AVAILABILITY = YES_AGGRESSIVE;
				CLANG_WARN_UNREACHABLE_CODE = YES;
				CLANG_WARN__DUPLICATE_METHOD_MATCH = YES;
				COPY_PHASE_STRIP = NO;
				DEBUG_INFORMATION_FORMAT = dwarf;
				ENABLE_STRICT_OBJC_MSGSEND = YES;
				ENABLE_TESTABILITY = YES;
				GCC_C_LANGUAGE_STANDARD = gnu11;
				GCC_DYNAMIC_NO_PIC = NO;
				GCC_NO_COMMON_BLOCKS = YES;
				GCC_OPTIMIZATION_LEVEL = 0;
				GCC_PREPROCESSOR_DEFINITIONS = (
					"DEBUG=1",
					"$(inherited)",
				);
				GCC_WARN_64_TO_32_BIT_CONVERSION = YES;
				GCC_WARN_ABOUT_RETURN_TYPE = YES_ERROR;
				GCC_WARN_UNDECLARED_SELECTOR = YES;
				GCC_WARN_UNINITIALIZED_AUTOS = YES_AGGRESSIVE;
				GCC_WARN_UNUSED_FUNCTION = YES;
				GCC_WARN_UNUSED_VARIABLE = YES;
				IPHONEOS_DEPLOYMENT_TARGET = 14.0;
				MTL_ENABLE_DEBUG_INFO = INCLUDE_SOURCE;
				MTL_FAST_MATH = YES;
				ONLY_ACTIVE_ARCH = YES;
				SDKROOT = iphoneos;
				SWIFT_ACTIVE_COMPILATION_CONDITIONS = DEBUG;
				SWIFT_OPTIMIZATION_LEVEL = "-Onone";
			};
			name = Debug;
		};
		C1247CD72525FCD700250AF8 /* Release */ = {
			isa = XCBuildConfiguration;
			buildSettings = {
				ALWAYS_SEARCH_USER_PATHS = NO;
				CLANG_ANALYZER_NONNULL = YES;
				CLANG_ANALYZER_NUMBER_OBJECT_CONVERSION = YES_AGGRESSIVE;
				CLANG_CXX_LANGUAGE_STANDARD = "gnu++14";
				CLANG_CXX_LIBRARY = "libc++";
				CLANG_ENABLE_MODULES = YES;
				CLANG_ENABLE_OBJC_ARC = YES;
				CLANG_ENABLE_OBJC_WEAK = YES;
				CLANG_WARN_BLOCK_CAPTURE_AUTORELEASING = YES;
				CLANG_WARN_BOOL_CONVERSION = YES;
				CLANG_WARN_COMMA = YES;
				CLANG_WARN_CONSTANT_CONVERSION = YES;
				CLANG_WARN_DEPRECATED_OBJC_IMPLEMENTATIONS = YES;
				CLANG_WARN_DIRECT_OBJC_ISA_USAGE = YES_ERROR;
				CLANG_WARN_DOCUMENTATION_COMMENTS = YES;
				CLANG_WARN_EMPTY_BODY = YES;
				CLANG_WARN_ENUM_CONVERSION = YES;
				CLANG_WARN_INFINITE_RECURSION = YES;
				CLANG_WARN_INT_CONVERSION = YES;
				CLANG_WARN_NON_LITERAL_NULL_CONVERSION = YES;
				CLANG_WARN_OBJC_IMPLICIT_RETAIN_SELF = YES;
				CLANG_WARN_OBJC_LITERAL_CONVERSION = YES;
				CLANG_WARN_OBJC_ROOT_CLASS = YES_ERROR;
				CLANG_WARN_QUOTED_INCLUDE_IN_FRAMEWORK_HEADER = YES;
				CLANG_WARN_RANGE_LOOP_ANALYSIS = YES;
				CLANG_WARN_STRICT_PROTOTYPES = YES;
				CLANG_WARN_SUSPICIOUS_MOVE = YES;
				CLANG_WARN_UNGUARDED_AVAILABILITY = YES_AGGRESSIVE;
				CLANG_WARN_UNREACHABLE_CODE = YES;
				CLANG_WARN__DUPLICATE_METHOD_MATCH = YES;
				COPY_PHASE_STRIP = NO;
				DEBUG_INFORMATION_FORMAT = "dwarf-with-dsym";
				ENABLE_NS_ASSERTIONS = NO;
				ENABLE_STRICT_OBJC_MSGSEND = YES;
				GCC_C_LANGUAGE_STANDARD = gnu11;
				GCC_NO_COMMON_BLOCKS = YES;
				GCC_WARN_64_TO_32_BIT_CONVERSION = YES;
				GCC_WARN_ABOUT_RETURN_TYPE = YES_ERROR;
				GCC_WARN_UNDECLARED_SELECTOR = YES;
				GCC_WARN_UNINITIALIZED_AUTOS = YES_AGGRESSIVE;
				GCC_WARN_UNUSED_FUNCTION = YES;
				GCC_WARN_UNUSED_VARIABLE = YES;
				IPHONEOS_DEPLOYMENT_TARGET = 14.0;
				MTL_ENABLE_DEBUG_INFO = NO;
				MTL_FAST_MATH = YES;
				SDKROOT = iphoneos;
				SWIFT_COMPILATION_MODE = wholemodule;
				SWIFT_OPTIMIZATION_LEVEL = "-O";
				VALIDATE_PRODUCT = YES;
			};
			name = Release;
		};
		C1247CD92525FCD700250AF8 /* Debug */ = {
			isa = XCBuildConfiguration;
			baseConfigurationReference = 15D3D8A0893205BAA27775F3 /* Pods-SwiftUIFirebaseApp.debug.xcconfig */;
			buildSettings = {
				ASSETCATALOG_COMPILER_APPICON_NAME = AppIcon;
				ASSETCATALOG_COMPILER_GLOBAL_ACCENT_COLOR_NAME = AccentColor;
				CODE_SIGN_STYLE = Automatic;
				DEVELOPMENT_ASSET_PATHS = "\"SwiftUIFirebaseApp/Preview Content\"";
				ENABLE_PREVIEWS = YES;
				INFOPLIST_FILE = SwiftUIFirebaseApp/Info.plist;
				LD_RUNPATH_SEARCH_PATHS = (
					"$(inherited)",
					"@executable_path/Frameworks",
				);
				OTHER_SWIFT_FLAGS = "$(inherited) -D COCOAPODS -Xfrontend -warn-long-function-bodies=100";
				PRODUCT_BUNDLE_IDENTIFIER = com.Jack.SwiftUIFirebaseApp;
				PRODUCT_NAME = "$(TARGET_NAME)";
				SWIFT_VERSION = 5.0;
				TARGETED_DEVICE_FAMILY = "1,2";
			};
			name = Debug;
		};
		C1247CDA2525FCD700250AF8 /* Release */ = {
			isa = XCBuildConfiguration;
			baseConfigurationReference = 1175EAC04DCC5DB470EBE65C /* Pods-SwiftUIFirebaseApp.release.xcconfig */;
			buildSettings = {
				ASSETCATALOG_COMPILER_APPICON_NAME = AppIcon;
				ASSETCATALOG_COMPILER_GLOBAL_ACCENT_COLOR_NAME = AccentColor;
				CODE_SIGN_STYLE = Automatic;
				DEVELOPMENT_ASSET_PATHS = "\"SwiftUIFirebaseApp/Preview Content\"";
				ENABLE_PREVIEWS = YES;
				INFOPLIST_FILE = SwiftUIFirebaseApp/Info.plist;
				LD_RUNPATH_SEARCH_PATHS = (
					"$(inherited)",
					"@executable_path/Frameworks",
				);
				OTHER_SWIFT_FLAGS = "$(inherited) -D COCOAPODS -Xfrontend -warn-long-function-bodies=100";
				PRODUCT_BUNDLE_IDENTIFIER = com.Jack.SwiftUIFirebaseApp;
				PRODUCT_NAME = "$(TARGET_NAME)";
				SWIFT_VERSION = 5.0;
				TARGETED_DEVICE_FAMILY = "1,2";
			};
			name = Release;
		};
/* End XCBuildConfiguration section */

/* Begin XCConfigurationList section */
		C1247CBF2525FCD600250AF8 /* Build configuration list for PBXProject "SwiftUIFirebaseApp" */ = {
			isa = XCConfigurationList;
			buildConfigurations = (
				C1247CD62525FCD700250AF8 /* Debug */,
				C1247CD72525FCD700250AF8 /* Release */,
			);
			defaultConfigurationIsVisible = 0;
			defaultConfigurationName = Release;
		};
		C1247CD82525FCD700250AF8 /* Build configuration list for PBXNativeTarget "SwiftUIFirebaseApp" */ = {
			isa = XCConfigurationList;
			buildConfigurations = (
				C1247CD92525FCD700250AF8 /* Debug */,
				C1247CDA2525FCD700250AF8 /* Release */,
			);
			defaultConfigurationIsVisible = 0;
			defaultConfigurationName = Release;
		};
/* End XCConfigurationList section */
	};
	rootObject = C1247CBC2525FCD600250AF8 /* Project object */;
}
